// !$*UTF8*$!
{
	archiveVersion = 1;
	classes = {
	};
	objectVersion = 56;
	objects = {

/* Begin PBXBuildFile section */
		E05C2FF32A9DD2710063F7DC /* ViewControllerForAddUser.swift in Sources */ = {isa = PBXBuildFile; fileRef = E05C2FF22A9DD2710063F7DC /* ViewControllerForAddUser.swift */; };
		E05C2FF52A9DD9CC0063F7DC /* MainModel.swift in Sources */ = {isa = PBXBuildFile; fileRef = E05C2FF42A9DD9CC0063F7DC /* MainModel.swift */; };
		E05C2FF72A9DD9F70063F7DC /* ModelForAddingUser.swift in Sources */ = {isa = PBXBuildFile; fileRef = E05C2FF62A9DD9F70063F7DC /* ModelForAddingUser.swift */; };
		E09E012E2A9C868B00183843 /* AppDelegate.swift in Sources */ = {isa = PBXBuildFile; fileRef = E09E012D2A9C868B00183843 /* AppDelegate.swift */; };
		E09E01302A9C868B00183843 /* SceneDelegate.swift in Sources */ = {isa = PBXBuildFile; fileRef = E09E012F2A9C868B00183843 /* SceneDelegate.swift */; };
		E09E01322A9C868B00183843 /* ViewController.swift in Sources */ = {isa = PBXBuildFile; fileRef = E09E01312A9C868B00183843 /* ViewController.swift */; };
		E09E01352A9C868B00183843 /* Main.storyboard in Resources */ = {isa = PBXBuildFile; fileRef = E09E01332A9C868B00183843 /* Main.storyboard */; };
		E09E01372A9C868C00183843 /* Assets.xcassets in Resources */ = {isa = PBXBuildFile; fileRef = E09E01362A9C868C00183843 /* Assets.xcassets */; };
		E09E013A2A9C868C00183843 /* LaunchScreen.storyboard in Resources */ = {isa = PBXBuildFile; fileRef = E09E01382A9C868C00183843 /* LaunchScreen.storyboard */; };
		E09E01452A9C868C00183843 /* Contact_ListTests.swift in Sources */ = {isa = PBXBuildFile; fileRef = E09E01442A9C868C00183843 /* Contact_ListTests.swift */; };
		E09E014F2A9C868C00183843 /* Contact_ListUITests.swift in Sources */ = {isa = PBXBuildFile; fileRef = E09E014E2A9C868C00183843 /* Contact_ListUITests.swift */; };
		E09E01512A9C868C00183843 /* Contact_ListUITestsLaunchTests.swift in Sources */ = {isa = PBXBuildFile; fileRef = E09E01502A9C868C00183843 /* Contact_ListUITestsLaunchTests.swift */; };
/* End PBXBuildFile section */

/* Begin PBXContainerItemProxy section */
		E09E01412A9C868C00183843 /* PBXContainerItemProxy */ = {
			isa = PBXContainerItemProxy;
			containerPortal = E09E01222A9C868B00183843 /* Project object */;
			proxyType = 1;
			remoteGlobalIDString = E09E01292A9C868B00183843;
			remoteInfo = "Contact List";
		};
		E09E014B2A9C868C00183843 /* PBXContainerItemProxy */ = {
			isa = PBXContainerItemProxy;
			containerPortal = E09E01222A9C868B00183843 /* Project object */;
			proxyType = 1;
			remoteGlobalIDString = E09E01292A9C868B00183843;
			remoteInfo = "Contact List";
		};
/* End PBXContainerItemProxy section */

/* Begin PBXFileReference section */
		E05C2FF22A9DD2710063F7DC /* ViewControllerForAddUser.swift */ = {isa = PBXFileReference; lastKnownFileType = sourcecode.swift; path = ViewControllerForAddUser.swift; sourceTree = "<group>"; };
		E05C2FF42A9DD9CC0063F7DC /* MainModel.swift */ = {isa = PBXFileReference; lastKnownFileType = sourcecode.swift; path = MainModel.swift; sourceTree = "<group>"; };
		E05C2FF62A9DD9F70063F7DC /* ModelForAddingUser.swift */ = {isa = PBXFileReference; lastKnownFileType = sourcecode.swift; path = ModelForAddingUser.swift; sourceTree = "<group>"; };
		E09E012A2A9C868B00183843 /* Contact List.app */ = {isa = PBXFileReference; explicitFileType = wrapper.application; includeInIndex = 0; path = "Contact List.app"; sourceTree = BUILT_PRODUCTS_DIR; };
		E09E012D2A9C868B00183843 /* AppDelegate.swift */ = {isa = PBXFileReference; lastKnownFileType = sourcecode.swift; path = AppDelegate.swift; sourceTree = "<group>"; };
		E09E012F2A9C868B00183843 /* SceneDelegate.swift */ = {isa = PBXFileReference; lastKnownFileType = sourcecode.swift; path = SceneDelegate.swift; sourceTree = "<group>"; };
		E09E01312A9C868B00183843 /* ViewController.swift */ = {isa = PBXFileReference; lastKnownFileType = sourcecode.swift; path = ViewController.swift; sourceTree = "<group>"; };
		E09E01342A9C868B00183843 /* Base */ = {isa = PBXFileReference; lastKnownFileType = file.storyboard; name = Base; path = Base.lproj/Main.storyboard; sourceTree = "<group>"; };
		E09E01362A9C868C00183843 /* Assets.xcassets */ = {isa = PBXFileReference; lastKnownFileType = folder.assetcatalog; path = Assets.xcassets; sourceTree = "<group>"; };
		E09E01392A9C868C00183843 /* Base */ = {isa = PBXFileReference; lastKnownFileType = file.storyboard; name = Base; path = Base.lproj/LaunchScreen.storyboard; sourceTree = "<group>"; };
		E09E013B2A9C868C00183843 /* Info.plist */ = {isa = PBXFileReference; lastKnownFileType = text.plist.xml; path = Info.plist; sourceTree = "<group>"; };
		E09E01402A9C868C00183843 /* Contact ListTests.xctest */ = {isa = PBXFileReference; explicitFileType = wrapper.cfbundle; includeInIndex = 0; path = "Contact ListTests.xctest"; sourceTree = BUILT_PRODUCTS_DIR; };
		E09E01442A9C868C00183843 /* Contact_ListTests.swift */ = {isa = PBXFileReference; lastKnownFileType = sourcecode.swift; path = Contact_ListTests.swift; sourceTree = "<group>"; };
		E09E014A2A9C868C00183843 /* Contact ListUITests.xctest */ = {isa = PBXFileReference; explicitFileType = wrapper.cfbundle; includeInIndex = 0; path = "Contact ListUITests.xctest"; sourceTree = BUILT_PRODUCTS_DIR; };
		E09E014E2A9C868C00183843 /* Contact_ListUITests.swift */ = {isa = PBXFileReference; lastKnownFileType = sourcecode.swift; path = Contact_ListUITests.swift; sourceTree = "<group>"; };
		E09E01502A9C868C00183843 /* Contact_ListUITestsLaunchTests.swift */ = {isa = PBXFileReference; lastKnownFileType = sourcecode.swift; path = Contact_ListUITestsLaunchTests.swift; sourceTree = "<group>"; };
/* End PBXFileReference section */

/* Begin PBXFrameworksBuildPhase section */
		E09E01272A9C868B00183843 /* Frameworks */ = {
			isa = PBXFrameworksBuildPhase;
			buildActionMask = 2147483647;
			files = (
			);
			runOnlyForDeploymentPostprocessing = 0;
		};
		E09E013D2A9C868C00183843 /* Frameworks */ = {
			isa = PBXFrameworksBuildPhase;
			buildActionMask = 2147483647;
			files = (
			);
			runOnlyForDeploymentPostprocessing = 0;
		};
		E09E01472A9C868C00183843 /* Frameworks */ = {
			isa = PBXFrameworksBuildPhase;
			buildActionMask = 2147483647;
			files = (
			);
			runOnlyForDeploymentPostprocessing = 0;
		};
/* End PBXFrameworksBuildPhase section */

/* Begin PBXGroup section */
		E09E01212A9C868B00183843 = {
			isa = PBXGroup;
			children = (
				E09E012C2A9C868B00183843 /* Contact List */,
				E09E01432A9C868C00183843 /* Contact ListTests */,
				E09E014D2A9C868C00183843 /* Contact ListUITests */,
				E09E012B2A9C868B00183843 /* Products */,
			);
			sourceTree = "<group>";
		};
		E09E012B2A9C868B00183843 /* Products */ = {
			isa = PBXGroup;
			children = (
				E09E012A2A9C868B00183843 /* Contact List.app */,
				E09E01402A9C868C00183843 /* Contact ListTests.xctest */,
				E09E014A2A9C868C00183843 /* Contact ListUITests.xctest */,
			);
			name = Products;
			sourceTree = "<group>";
		};
		E09E012C2A9C868B00183843 /* Contact List */ = {
			isa = PBXGroup;
			children = (
				E0A055FB2A9D362300C228EF /* view */,
				E09E01312A9C868B00183843 /* ViewController.swift */,
				E05C2FF22A9DD2710063F7DC /* ViewControllerForAddUser.swift */,
				E05C2FF42A9DD9CC0063F7DC /* MainModel.swift */,
				E05C2FF62A9DD9F70063F7DC /* ModelForAddingUser.swift */,
				E09E012D2A9C868B00183843 /* AppDelegate.swift */,
				E09E012F2A9C868B00183843 /* SceneDelegate.swift */,
				E09E01362A9C868C00183843 /* Assets.xcassets */,
				E09E01382A9C868C00183843 /* LaunchScreen.storyboard */,
				E09E013B2A9C868C00183843 /* Info.plist */,
			);
			path = "Contact List";
			sourceTree = "<group>";
		};
		E09E01432A9C868C00183843 /* Contact ListTests */ = {
			isa = PBXGroup;
			children = (
				E09E01442A9C868C00183843 /* Contact_ListTests.swift */,
			);
			path = "Contact ListTests";
			sourceTree = "<group>";
		};
		E09E014D2A9C868C00183843 /* Contact ListUITests */ = {
			isa = PBXGroup;
			children = (
				E09E014E2A9C868C00183843 /* Contact_ListUITests.swift */,
				E09E01502A9C868C00183843 /* Contact_ListUITestsLaunchTests.swift */,
			);
			path = "Contact ListUITests";
			sourceTree = "<group>";
		};
		E0A055FB2A9D362300C228EF /* view */ = {
			isa = PBXGroup;
			children = (
				E09E01332A9C868B00183843 /* Main.storyboard */,
			);
			path = view;
			sourceTree = "<group>";
		};
/* End PBXGroup section */

/* Begin PBXNativeTarget section */
		E09E01292A9C868B00183843 /* Contact List */ = {
			isa = PBXNativeTarget;
			buildConfigurationList = E09E01542A9C868C00183843 /* Build configuration list for PBXNativeTarget "Contact List" */;
			buildPhases = (
				E09E01262A9C868B00183843 /* Sources */,
				E09E01272A9C868B00183843 /* Frameworks */,
				E09E01282A9C868B00183843 /* Resources */,
			);
			buildRules = (
			);
			dependencies = (
			);
			name = "Contact List";
			productName = "Contact List";
			productReference = E09E012A2A9C868B00183843 /* Contact List.app */;
			productType = "com.apple.product-type.application";
		};
		E09E013F2A9C868C00183843 /* Contact ListTests */ = {
			isa = PBXNativeTarget;
			buildConfigurationList = E09E01572A9C868C00183843 /* Build configuration list for PBXNativeTarget "Contact ListTests" */;
			buildPhases = (
				E09E013C2A9C868C00183843 /* Sources */,
				E09E013D2A9C868C00183843 /* Frameworks */,
				E09E013E2A9C868C00183843 /* Resources */,
			);
			buildRules = (
			);
			dependencies = (
				E09E01422A9C868C00183843 /* PBXTargetDependency */,
			);
			name = "Contact ListTests";
			productName = "Contact ListTests";
			productReference = E09E01402A9C868C00183843 /* Contact ListTests.xctest */;
			productType = "com.apple.product-type.bundle.unit-test";
		};
		E09E01492A9C868C00183843 /* Contact ListUITests */ = {
			isa = PBXNativeTarget;
			buildConfigurationList = E09E015A2A9C868C00183843 /* Build configuration list for PBXNativeTarget "Contact ListUITests" */;
			buildPhases = (
				E09E01462A9C868C00183843 /* Sources */,
				E09E01472A9C868C00183843 /* Frameworks */,
				E09E01482A9C868C00183843 /* Resources */,
			);
			buildRules = (
			);
			dependencies = (
				E09E014C2A9C868C00183843 /* PBXTargetDependency */,
			);
			name = "Contact ListUITests";
			productName = "Contact ListUITests";
			productReference = E09E014A2A9C868C00183843 /* Contact ListUITests.xctest */;
			productType = "com.apple.product-type.bundle.ui-testing";
		};
/* End PBXNativeTarget section */

/* Begin PBXProject section */
		E09E01222A9C868B00183843 /* Project object */ = {
			isa = PBXProject;
			attributes = {
				BuildIndependentTargetsInParallel = 1;
				LastSwiftUpdateCheck = 1430;
				LastUpgradeCheck = 1430;
				TargetAttributes = {
					E09E01292A9C868B00183843 = {
						CreatedOnToolsVersion = 14.3.1;
					};
					E09E013F2A9C868C00183843 = {
						CreatedOnToolsVersion = 14.3.1;
						TestTargetID = E09E01292A9C868B00183843;
					};
					E09E01492A9C868C00183843 = {
						CreatedOnToolsVersion = 14.3.1;
						TestTargetID = E09E01292A9C868B00183843;
					};
				};
			};
			buildConfigurationList = E09E01252A9C868B00183843 /* Build configuration list for PBXProject "Contact List" */;
			compatibilityVersion = "Xcode 14.0";
			developmentRegion = en;
			hasScannedForEncodings = 0;
			knownRegions = (
				en,
				Base,
			);
			mainGroup = E09E01212A9C868B00183843;
			productRefGroup = E09E012B2A9C868B00183843 /* Products */;
			projectDirPath = "";
			projectRoot = "";
			targets = (
				E09E01292A9C868B00183843 /* Contact List */,
				E09E013F2A9C868C00183843 /* Contact ListTests */,
				E09E01492A9C868C00183843 /* Contact ListUITests */,
			);
		};
/* End PBXProject section */

/* Begin PBXResourcesBuildPhase section */
		E09E01282A9C868B00183843 /* Resources */ = {
			isa = PBXResourcesBuildPhase;
			buildActionMask = 2147483647;
			files = (
				E09E013A2A9C868C00183843 /* LaunchScreen.storyboard in Resources */,
				E09E01372A9C868C00183843 /* Assets.xcassets in Resources */,
				E09E01352A9C868B00183843 /* Main.storyboard in Resources */,
			);
			runOnlyForDeploymentPostprocessing = 0;
		};
		E09E013E2A9C868C00183843 /* Resources */ = {
			isa = PBXResourcesBuildPhase;
			buildActionMask = 2147483647;
			files = (
			);
			runOnlyForDeploymentPostprocessing = 0;
		};
		E09E01482A9C868C00183843 /* Resources */ = {
			isa = PBXResourcesBuildPhase;
			buildActionMask = 2147483647;
			files = (
			);
			runOnlyForDeploymentPostprocessing = 0;
		};
/* End PBXResourcesBuildPhase section */

/* Begin PBXSourcesBuildPhase section */
		E09E01262A9C868B00183843 /* Sources */ = {
			isa = PBXSourcesBuildPhase;
			buildActionMask = 2147483647;
			files = (
				E09E01322A9C868B00183843 /* ViewController.swift in Sources */,
				E05C2FF72A9DD9F70063F7DC /* ModelForAddingUser.swift in Sources */,
				E09E012E2A9C868B00183843 /* AppDelegate.swift in Sources */,
				E09E01302A9C868B00183843 /* SceneDelegate.swift in Sources */,
				E05C2FF52A9DD9CC0063F7DC /* MainModel.swift in Sources */,
				E05C2FF32A9DD2710063F7DC /* ViewControllerForAddUser.swift in Sources */,
			);
			runOnlyForDeploymentPostprocessing = 0;
		};
		E09E013C2A9C868C00183843 /* Sources */ = {
			isa = PBXSourcesBuildPhase;
			buildActionMask = 2147483647;
			files = (
				E09E01452A9C868C00183843 /* Contact_ListTests.swift in Sources */,
			);
			runOnlyForDeploymentPostprocessing = 0;
		};
		E09E01462A9C868C00183843 /* Sources */ = {
			isa = PBXSourcesBuildPhase;
			buildActionMask = 2147483647;
			files = (
				E09E014F2A9C868C00183843 /* Contact_ListUITests.swift in Sources */,
				E09E01512A9C868C00183843 /* Contact_ListUITestsLaunchTests.swift in Sources */,
			);
			runOnlyForDeploymentPostprocessing = 0;
		};
/* End PBXSourcesBuildPhase section */

/* Begin PBXTargetDependency section */
		E09E01422A9C868C00183843 /* PBXTargetDependency */ = {
			isa = PBXTargetDependency;
			target = E09E01292A9C868B00183843 /* Contact List */;
			targetProxy = E09E01412A9C868C00183843 /* PBXContainerItemProxy */;
		};
		E09E014C2A9C868C00183843 /* PBXTargetDependency */ = {
			isa = PBXTargetDependency;
			target = E09E01292A9C868B00183843 /* Contact List */;
			targetProxy = E09E014B2A9C868C00183843 /* PBXContainerItemProxy */;
		};
/* End PBXTargetDependency section */

/* Begin PBXVariantGroup section */
		E09E01332A9C868B00183843 /* Main.storyboard */ = {
			isa = PBXVariantGroup;
			children = (
				E09E01342A9C868B00183843 /* Base */,
			);
			name = Main.storyboard;
			sourceTree = "<group>";
		};
		E09E01382A9C868C00183843 /* LaunchScreen.storyboard */ = {
			isa = PBXVariantGroup;
			children = (
				E09E01392A9C868C00183843 /* Base */,
			);
			name = LaunchScreen.storyboard;
			sourceTree = "<group>";
		};
/* End PBXVariantGroup section */

/* Begin XCBuildConfiguration section */
		E09E01522A9C868C00183843 /* Debug */ = {
			isa = XCBuildConfiguration;
			buildSettings = {
				ALWAYS_SEARCH_USER_PATHS = NO;
				CLANG_ANALYZER_NONNULL = YES;
				CLANG_ANALYZER_NUMBER_OBJECT_CONVERSION = YES_AGGRESSIVE;
				CLANG_CXX_LANGUAGE_STANDARD = "gnu++20";
				CLANG_ENABLE_MODULES = YES;
				CLANG_ENABLE_OBJC_ARC = YES;
				CLANG_ENABLE_OBJC_WEAK = YES;
				CLANG_WARN_BLOCK_CAPTURE_AUTORELEASING = YES;
				CLANG_WARN_BOOL_CONVERSION = YES;
				CLANG_WARN_COMMA = YES;
				CLANG_WARN_CONSTANT_CONVERSION = YES;
				CLANG_WARN_DEPRECATED_OBJC_IMPLEMENTATIONS = YES;
				CLANG_WARN_DIRECT_OBJC_ISA_USAGE = YES_ERROR;
				CLANG_WARN_DOCUMENTATION_COMMENTS = YES;
				CLANG_WARN_EMPTY_BODY = YES;
				CLANG_WARN_ENUM_CONVERSION = YES;
				CLANG_WARN_INFINITE_RECURSION = YES;
				CLANG_WARN_INT_CONVERSION = YES;
				CLANG_WARN_NON_LITERAL_NULL_CONVERSION = YES;
				CLANG_WARN_OBJC_IMPLICIT_RETAIN_SELF = YES;
				CLANG_WARN_OBJC_LITERAL_CONVERSION = YES;
				CLANG_WARN_OBJC_ROOT_CLASS = YES_ERROR;
				CLANG_WARN_QUOTED_INCLUDE_IN_FRAMEWORK_HEADER = YES;
				CLANG_WARN_RANGE_LOOP_ANALYSIS = YES;
				CLANG_WARN_STRICT_PROTOTYPES = YES;
				CLANG_WARN_SUSPICIOUS_MOVE = YES;
				CLANG_WARN_UNGUARDED_AVAILABILITY = YES_AGGRESSIVE;
				CLANG_WARN_UNREACHABLE_CODE = YES;
				CLANG_WARN__DUPLICATE_METHOD_MATCH = YES;
				COPY_PHASE_STRIP = NO;
				DEBUG_INFORMATION_FORMAT = dwarf;
				ENABLE_STRICT_OBJC_MSGSEND = YES;
				ENABLE_TESTABILITY = YES;
				GCC_C_LANGUAGE_STANDARD = gnu11;
				GCC_DYNAMIC_NO_PIC = NO;
				GCC_NO_COMMON_BLOCKS = YES;
				GCC_OPTIMIZATION_LEVEL = 0;
				GCC_PREPROCESSOR_DEFINITIONS = (
					"DEBUG=1",
					"$(inherited)",
				);
				GCC_WARN_64_TO_32_BIT_CONVERSION = YES;
				GCC_WARN_ABOUT_RETURN_TYPE = YES_ERROR;
				GCC_WARN_UNDECLARED_SELECTOR = YES;
				GCC_WARN_UNINITIALIZED_AUTOS = YES_AGGRESSIVE;
				GCC_WARN_UNUSED_FUNCTION = YES;
				GCC_WARN_UNUSED_VARIABLE = YES;
				IPHONEOS_DEPLOYMENT_TARGET = 16.4;
				MTL_ENABLE_DEBUG_INFO = INCLUDE_SOURCE;
				MTL_FAST_MATH = YES;
				ONLY_ACTIVE_ARCH = YES;
				SDKROOT = iphoneos;
				SWIFT_ACTIVE_COMPILATION_CONDITIONS = DEBUG;
				SWIFT_OPTIMIZATION_LEVEL = "-Onone";
			};
			name = Debug;
		};
		E09E01532A9C868C00183843 /* Release */ = {
			isa = XCBuildConfiguration;
			buildSettings = {
				ALWAYS_SEARCH_USER_PATHS = NO;
				CLANG_ANALYZER_NONNULL = YES;
				CLANG_ANALYZER_NUMBER_OBJECT_CONVERSION = YES_AGGRESSIVE;
				CLANG_CXX_LANGUAGE_STANDARD = "gnu++20";
				CLANG_ENABLE_MODULES = YES;
				CLANG_ENABLE_OBJC_ARC = YES;
				CLANG_ENABLE_OBJC_WEAK = YES;
				CLANG_WARN_BLOCK_CAPTURE_AUTORELEASING = YES;
				CLANG_WARN_BOOL_CONVERSION = YES;
				CLANG_WARN_COMMA = YES;
				CLANG_WARN_CONSTANT_CONVERSION = YES;
				CLANG_WARN_DEPRECATED_OBJC_IMPLEMENTATIONS = YES;
				CLANG_WARN_DIRECT_OBJC_ISA_USAGE = YES_ERROR;
				CLANG_WARN_DOCUMENTATION_COMMENTS = YES;
				CLANG_WARN_EMPTY_BODY = YES;
				CLANG_WARN_ENUM_CONVERSION = YES;
				CLANG_WARN_INFINITE_RECURSION = YES;
				CLANG_WARN_INT_CONVERSION = YES;
				CLANG_WARN_NON_LITERAL_NULL_CONVERSION = YES;
				CLANG_WARN_OBJC_IMPLICIT_RETAIN_SELF = YES;
				CLANG_WARN_OBJC_LITERAL_CONVERSION = YES;
				CLANG_WARN_OBJC_ROOT_CLASS = YES_ERROR;
				CLANG_WARN_QUOTED_INCLUDE_IN_FRAMEWORK_HEADER = YES;
				CLANG_WARN_RANGE_LOOP_ANALYSIS = YES;
				CLANG_WARN_STRICT_PROTOTYPES = YES;
				CLANG_WARN_SUSPICIOUS_MOVE = YES;
				CLANG_WARN_UNGUARDED_AVAILABILITY = YES_AGGRESSIVE;
				CLANG_WARN_UNREACHABLE_CODE = YES;
				CLANG_WARN__DUPLICATE_METHOD_MATCH = YES;
				COPY_PHASE_STRIP = NO;
				DEBUG_INFORMATION_FORMAT = "dwarf-with-dsym";
				ENABLE_NS_ASSERTIONS = NO;
				ENABLE_STRICT_OBJC_MSGSEND = YES;
				GCC_C_LANGUAGE_STANDARD = gnu11;
				GCC_NO_COMMON_BLOCKS = YES;
				GCC_WARN_64_TO_32_BIT_CONVERSION = YES;
				GCC_WARN_ABOUT_RETURN_TYPE = YES_ERROR;
				GCC_WARN_UNDECLARED_SELECTOR = YES;
				GCC_WARN_UNINITIALIZED_AUTOS = YES_AGGRESSIVE;
				GCC_WARN_UNUSED_FUNCTION = YES;
				GCC_WARN_UNUSED_VARIABLE = YES;
				IPHONEOS_DEPLOYMENT_TARGET = 16.4;
				MTL_ENABLE_DEBUG_INFO = NO;
				MTL_FAST_MATH = YES;
				SDKROOT = iphoneos;
				SWIFT_COMPILATION_MODE = wholemodule;
				SWIFT_OPTIMIZATION_LEVEL = "-O";
				VALIDATE_PRODUCT = YES;
			};
			name = Release;
		};
		E09E01552A9C868C00183843 /* Debug */ = {
			isa = XCBuildConfiguration;
			buildSettings = {
				ASSETCATALOG_COMPILER_APPICON_NAME = AppIcon;
				ASSETCATALOG_COMPILER_GLOBAL_ACCENT_COLOR_NAME = AccentColor;
				CODE_SIGN_STYLE = Automatic;
				CURRENT_PROJECT_VERSION = 1;
				GENERATE_INFOPLIST_FILE = YES;
				INFOPLIST_FILE = "Contact List/Info.plist";
				INFOPLIST_KEY_UIApplicationSupportsIndirectInputEvents = YES;
				INFOPLIST_KEY_UILaunchStoryboardName = LaunchScreen;
				INFOPLIST_KEY_UIMainStoryboardFile = Main;
				INFOPLIST_KEY_UISupportedInterfaceOrientations_iPad = "UIInterfaceOrientationPortrait UIInterfaceOrientationPortraitUpsideDown UIInterfaceOrientationLandscapeLeft UIInterfaceOrientationLandscapeRight";
				INFOPLIST_KEY_UISupportedInterfaceOrientations_iPhone = "UIInterfaceOrientationPortrait UIInterfaceOrientationLandscapeLeft UIInterfaceOrientationLandscapeRight";
				LD_RUNPATH_SEARCH_PATHS = (
					"$(inherited)",
					"@executable_path/Frameworks",
				);
				MARKETING_VERSION = 1.0;
				PRODUCT_BUNDLE_IDENTIFIER = "neshan.Contact-List";
				PRODUCT_NAME = "$(TARGET_NAME)";
				SWIFT_EMIT_LOC_STRINGS = YES;
				SWIFT_VERSION = 5.0;
				TARGETED_DEVICE_FAMILY = "1,2";
			};
			name = Debug;
		};
		E09E01562A9C868C00183843 /* Release */ = {
			isa = XCBuildConfiguration;
			buildSettings = {
				ASSETCATALOG_COMPILER_APPICON_NAME = AppIcon;
				ASSETCATALOG_COMPILER_GLOBAL_ACCENT_COLOR_NAME = AccentColor;
				CODE_SIGN_STYLE = Automatic;
				CURRENT_PROJECT_VERSION = 1;
				GENERATE_INFOPLIST_FILE = YES;
				INFOPLIST_FILE = "Contact List/Info.plist";
				INFOPLIST_KEY_UIApplicationSupportsIndirectInputEvents = YES;
				INFOPLIST_KEY_UILaunchStoryboardName = LaunchScreen;
				INFOPLIST_KEY_UIMainStoryboardFile = Main;
				INFOPLIST_KEY_UISupportedInterfaceOrientations_iPad = "UIInterfaceOrientationPortrait UIInterfaceOrientationPortraitUpsideDown UIInterfaceOrientationLandscapeLeft UIInterfaceOrientationLandscapeRight";
				INFOPLIST_KEY_UISupportedInterfaceOrientations_iPhone = "UIInterfaceOrientationPortrait UIInterfaceOrientationLandscapeLeft UIInterfaceOrientationLandscapeRight";
				LD_RUNPATH_SEARCH_PATHS = (
					"$(inherited)",
					"@executable_path/Frameworks",
				);
				MARKETING_VERSION = 1.0;
				PRODUCT_BUNDLE_IDENTIFIER = "neshan.Contact-List";
				PRODUCT_NAME = "$(TARGET_NAME)";
				SWIFT_EMIT_LOC_STRINGS = YES;
				SWIFT_VERSION = 5.0;
				TARGETED_DEVICE_FAMILY = "1,2";
			};
			name = Release;
		};
		E09E01582A9C868C00183843 /* Debug */ = {
			isa = XCBuildConfiguration;
			buildSettings = {
				ALWAYS_EMBED_SWIFT_STANDARD_LIBRARIES = YES;
				BUNDLE_LOADER = "$(TEST_HOST)";
				CODE_SIGN_STYLE = Automatic;
				CURRENT_PROJECT_VERSION = 1;
				GENERATE_INFOPLIST_FILE = YES;
				IPHONEOS_DEPLOYMENT_TARGET = 16.4;
				MARKETING_VERSION = 1.0;
				PRODUCT_BUNDLE_IDENTIFIER = "neshan.Contact-ListTests";
				PRODUCT_NAME = "$(TARGET_NAME)";
				SWIFT_EMIT_LOC_STRINGS = NO;
				SWIFT_VERSION = 5.0;
				TARGETED_DEVICE_FAMILY = "1,2";
				TEST_HOST = "$(BUILT_PRODUCTS_DIR)/Contact List.app/$(BUNDLE_EXECUTABLE_FOLDER_PATH)/Contact List";
			};
			name = Debug;
		};
		E09E01592A9C868C00183843 /* Release */ = {
			isa = XCBuildConfiguration;
			buildSettings = {
				ALWAYS_EMBED_SWIFT_STANDARD_LIBRARIES = YES;
				BUNDLE_LOADER = "$(TEST_HOST)";
				CODE_SIGN_STYLE = Automatic;
				CURRENT_PROJECT_VERSION = 1;
				GENERATE_INFOPLIST_FILE = YES;
				IPHONEOS_DEPLOYMENT_TARGET = 16.4;
				MARKETING_VERSION = 1.0;
				PRODUCT_BUNDLE_IDENTIFIER = "neshan.Contact-ListTests";
				PRODUCT_NAME = "$(TARGET_NAME)";
				SWIFT_EMIT_LOC_STRINGS = NO;
				SWIFT_VERSION = 5.0;
				TARGETED_DEVICE_FAMILY = "1,2";
				TEST_HOST = "$(BUILT_PRODUCTS_DIR)/Contact List.app/$(BUNDLE_EXECUTABLE_FOLDER_PATH)/Contact List";
			};
			name = Release;
		};
		E09E015B2A9C868C00183843 /* Debug */ = {
			isa = XCBuildConfiguration;
			buildSettings = {
				ALWAYS_EMBED_SWIFT_STANDARD_LIBRARIES = YES;
				CODE_SIGN_STYLE = Automatic;
				CURRENT_PROJECT_VERSION = 1;
				GENERATE_INFOPLIST_FILE = YES;
				MARKETING_VERSION = 1.0;
				PRODUCT_BUNDLE_IDENTIFIER = "neshan.Contact-ListUITests";
				PRODUCT_NAME = "$(TARGET_NAME)";
				SWIFT_EMIT_LOC_STRINGS = NO;
				SWIFT_VERSION = 5.0;
				TARGETED_DEVICE_FAMILY = "1,2";
				TEST_TARGET_NAME = "Contact List";
			};
			name = Debug;
		};
		E09E015C2A9C868C00183843 /* Release */ = {
			isa = XCBuildConfiguration;
			buildSettings = {
				ALWAYS_EMBED_SWIFT_STANDARD_LIBRARIES = YES;
				CODE_SIGN_STYLE = Automatic;
				CURRENT_PROJECT_VERSION = 1;
				GENERATE_INFOPLIST_FILE = YES;
				MARKETING_VERSION = 1.0;
				PRODUCT_BUNDLE_IDENTIFIER = "neshan.Contact-ListUITests";
				PRODUCT_NAME = "$(TARGET_NAME)";
				SWIFT_EMIT_LOC_STRINGS = NO;
				SWIFT_VERSION = 5.0;
				TARGETED_DEVICE_FAMILY = "1,2";
				TEST_TARGET_NAME = "Contact List";
			};
			name = Release;
		};
/* End XCBuildConfiguration section */

/* Begin XCConfigurationList section */
		E09E01252A9C868B00183843 /* Build configuration list for PBXProject "Contact List" */ = {
			isa = XCConfigurationList;
			buildConfigurations = (
				E09E01522A9C868C00183843 /* Debug */,
				E09E01532A9C868C00183843 /* Release */,
			);
			defaultConfigurationIsVisible = 0;
			defaultConfigurationName = Release;
		};
		E09E01542A9C868C00183843 /* Build configuration list for PBXNativeTarget "Contact List" */ = {
			isa = XCConfigurationList;
			buildConfigurations = (
				E09E01552A9C868C00183843 /* Debug */,
				E09E01562A9C868C00183843 /* Release */,
			);
			defaultConfigurationIsVisible = 0;
			defaultConfigurationName = Release;
		};
		E09E01572A9C868C00183843 /* Build configuration list for PBXNativeTarget "Contact ListTests" */ = {
			isa = XCConfigurationList;
			buildConfigurations = (
				E09E01582A9C868C00183843 /* Debug */,
				E09E01592A9C868C00183843 /* Release */,
			);
			defaultConfigurationIsVisible = 0;
			defaultConfigurationName = Release;
		};
		E09E015A2A9C868C00183843 /* Build configuration list for PBXNativeTarget "Contact ListUITests" */ = {
			isa = XCConfigurationList;
			buildConfigurations = (
				E09E015B2A9C868C00183843 /* Debug */,
				E09E015C2A9C868C00183843 /* Release */,
			);
			defaultConfigurationIsVisible = 0;
			defaultConfigurationName = Release;
		};
/* End XCConfigurationList section */
	};
	rootObject = E09E01222A9C868B00183843 /* Project object */;
}
